
Microsoft Visual Studio Solution File, Format Version 12.00
Project("{2150E333-8FDC-42A3-9474-1A3956D46DE8}") = "src", "src", "{15082686-E85F-4F4E-BBA1-3054EF31E45E}"
EndProject
Project("{FAE04EC0-301F-11D3-BF4B-00C04F79EFBC}") = "EER.API", "src\EER.API\EER.API.csproj", "{C4792ADB-B63A-429E-A28E-2DECC834980C}"
EndProject
Project("{FAE04EC0-301F-11D3-BF4B-00C04F79EFBC}") = "EER.Domain", "src\EER.Domain\EER.Domain.csproj", "{8875642D-F495-4657-B2E9-661FFF528DF9}"
EndProject
Project("{FAE04EC0-301F-11D3-BF4B-00C04F79EFBC}") = "EER.Persistence.Migrations", "src\Persistence\EER.Persistence.Migrations\EER.Persistence.Migrations.csproj", "{9788BEAA-BCEB-4892-9D4B-1B11A4BEADA4}"
EndProject
Project("{FAE04EC0-301F-11D3-BF4B-00C04F79EFBC}") = "EER.Application", "src\EER.Application\EER.Application.csproj", "{A43CDFB6-8F20-4773-872B-96D09FA41B8C}"
EndProject
Project("{2150E333-8FDC-42A3-9474-1A3956D46DE8}") = "tests", "tests", "{2352F989-C3C3-44CB-9D6A-47C7BF9327A2}"
EndProject
Project("{FAE04EC0-301F-11D3-BF4B-00C04F79EFBC}") = "EER.Architecture.Tests", "tests\EER.Architecture.Tests\EER.Architecture.Tests.csproj", "{A27E0C17-D0FA-430E-956C-2416663D4C3D}"
EndProject
Project("{FAE04EC0-301F-11D3-BF4B-00C04F79EFBC}") = "EER.Infrastructure", "src\EER.Infrastructure\EER.Infrastructure.csproj", "{C55D788B-E41D-4249-9D79-13A27404EFD8}"
EndProject
Project("{2150E333-8FDC-42A3-9474-1A3956D46DE8}") = "Persistence", "Persistence", "{7A3A2DC1-D13B-4D54-875D-8A1248C5371A}"
EndProject
Project("{FAE04EC0-301F-11D3-BF4B-00C04F79EFBC}") = "EER.Persistence.Dapper", "src\Persistence\EER.Persistence.Dapper\EER.Persistence.Dapper.csproj", "{53BCE337-B211-41DE-AC54-9FB8B34C6982}"
EndProject
Project("{FAE04EC0-301F-11D3-BF4B-00C04F79EFBC}") = "EER.Persistence.EFCore", "src\Persistence\EER.Persistence.EFCore\EER.Persistence.EFCore.csproj", "{BD8177D9-6C6D-4CE4-BA65-AB2391070ED7}"
EndProject
Global
	GlobalSection(SolutionConfigurationPlatforms) = preSolution
		Debug|Any CPU = Debug|Any CPU
		Release|Any CPU = Release|Any CPU
	EndGlobalSection
	GlobalSection(ProjectConfigurationPlatforms) = postSolution
		{C4792ADB-B63A-429E-A28E-2DECC834980C}.Debug|Any CPU.ActiveCfg = Debug|Any CPU
		{C4792ADB-B63A-429E-A28E-2DECC834980C}.Debug|Any CPU.Build.0 = Debug|Any CPU
		{C4792ADB-B63A-429E-A28E-2DECC834980C}.Release|Any CPU.ActiveCfg = Release|Any CPU
		{C4792ADB-B63A-429E-A28E-2DECC834980C}.Release|Any CPU.Build.0 = Release|Any CPU
		{8875642D-F495-4657-B2E9-661FFF528DF9}.Debug|Any CPU.ActiveCfg = Debug|Any CPU
		{8875642D-F495-4657-B2E9-661FFF528DF9}.Debug|Any CPU.Build.0 = Debug|Any CPU
		{8875642D-F495-4657-B2E9-661FFF528DF9}.Release|Any CPU.ActiveCfg = Release|Any CPU
		{8875642D-F495-4657-B2E9-661FFF528DF9}.Release|Any CPU.Build.0 = Release|Any CPU
		{9788BEAA-BCEB-4892-9D4B-1B11A4BEADA4}.Debug|Any CPU.ActiveCfg = Debug|Any CPU
		{9788BEAA-BCEB-4892-9D4B-1B11A4BEADA4}.Debug|Any CPU.Build.0 = Debug|Any CPU
		{9788BEAA-BCEB-4892-9D4B-1B11A4BEADA4}.Release|Any CPU.ActiveCfg = Release|Any CPU
		{9788BEAA-BCEB-4892-9D4B-1B11A4BEADA4}.Release|Any CPU.Build.0 = Release|Any CPU
		{A43CDFB6-8F20-4773-872B-96D09FA41B8C}.Debug|Any CPU.ActiveCfg = Debug|Any CPU
		{A43CDFB6-8F20-4773-872B-96D09FA41B8C}.Debug|Any CPU.Build.0 = Debug|Any CPU
		{A43CDFB6-8F20-4773-872B-96D09FA41B8C}.Release|Any CPU.ActiveCfg = Release|Any CPU
		{A43CDFB6-8F20-4773-872B-96D09FA41B8C}.Release|Any CPU.Build.0 = Release|Any CPU
		{A27E0C17-D0FA-430E-956C-2416663D4C3D}.Debug|Any CPU.ActiveCfg = Debug|Any CPU
		{A27E0C17-D0FA-430E-956C-2416663D4C3D}.Debug|Any CPU.Build.0 = Debug|Any CPU
		{A27E0C17-D0FA-430E-956C-2416663D4C3D}.Release|Any CPU.ActiveCfg = Release|Any CPU
		{A27E0C17-D0FA-430E-956C-2416663D4C3D}.Release|Any CPU.Build.0 = Release|Any CPU
		{C55D788B-E41D-4249-9D79-13A27404EFD8}.Debug|Any CPU.ActiveCfg = Debug|Any CPU
		{C55D788B-E41D-4249-9D79-13A27404EFD8}.Debug|Any CPU.Build.0 = Debug|Any CPU
		{C55D788B-E41D-4249-9D79-13A27404EFD8}.Release|Any CPU.ActiveCfg = Release|Any CPU
		{C55D788B-E41D-4249-9D79-13A27404EFD8}.Release|Any CPU.Build.0 = Release|Any CPU
		{53BCE337-B211-41DE-AC54-9FB8B34C6982}.Debug|Any CPU.ActiveCfg = Debug|Any CPU
		{53BCE337-B211-41DE-AC54-9FB8B34C6982}.Debug|Any CPU.Build.0 = Debug|Any CPU
		{53BCE337-B211-41DE-AC54-9FB8B34C6982}.Release|Any CPU.ActiveCfg = Release|Any CPU
		{53BCE337-B211-41DE-AC54-9FB8B34C6982}.Release|Any CPU.Build.0 = Release|Any CPU
		{BD8177D9-6C6D-4CE4-BA65-AB2391070ED7}.Debug|Any CPU.ActiveCfg = Debug|Any CPU
		{BD8177D9-6C6D-4CE4-BA65-AB2391070ED7}.Debug|Any CPU.Build.0 = Debug|Any CPU
		{BD8177D9-6C6D-4CE4-BA65-AB2391070ED7}.Release|Any CPU.ActiveCfg = Release|Any CPU
		{BD8177D9-6C6D-4CE4-BA65-AB2391070ED7}.Release|Any CPU.Build.0 = Release|Any CPU
	EndGlobalSection
	GlobalSection(NestedProjects) = preSolution
		{C4792ADB-B63A-429E-A28E-2DECC834980C} = {15082686-E85F-4F4E-BBA1-3054EF31E45E}
		{8875642D-F495-4657-B2E9-661FFF528DF9} = {15082686-E85F-4F4E-BBA1-3054EF31E45E}
		{A43CDFB6-8F20-4773-872B-96D09FA41B8C} = {15082686-E85F-4F4E-BBA1-3054EF31E45E}
		{A27E0C17-D0FA-430E-956C-2416663D4C3D} = {2352F989-C3C3-44CB-9D6A-47C7BF9327A2}
		{C55D788B-E41D-4249-9D79-13A27404EFD8} = {15082686-E85F-4F4E-BBA1-3054EF31E45E}
		{7A3A2DC1-D13B-4D54-875D-8A1248C5371A} = {15082686-E85F-4F4E-BBA1-3054EF31E45E}
		{9788BEAA-BCEB-4892-9D4B-1B11A4BEADA4} = {7A3A2DC1-D13B-4D54-875D-8A1248C5371A}
		{53BCE337-B211-41DE-AC54-9FB8B34C6982} = {7A3A2DC1-D13B-4D54-875D-8A1248C5371A}
		{BD8177D9-6C6D-4CE4-BA65-AB2391070ED7} = {7A3A2DC1-D13B-4D54-875D-8A1248C5371A}
	EndGlobalSection
EndGlobal
